<?xml version="1.0" encoding="utf-8"?>
<Project ToolsVersion="4.0" xmlns="http://schemas.microsoft.com/developer/msbuild/2003">
  <ItemGroup>
    <Filter Include="Tulip">
      <UniqueIdentifier>{330C310E-9F20-59BF-68A2-FC1ED47555F0}</UniqueIdentifier>
    </Filter>
    <Filter Include="Tulip\Core">
      <UniqueIdentifier>{6BC8280D-5780-6A5A-C087-43B6AC5E054B}</UniqueIdentifier>
    </Filter>
    <Filter Include="Tulip\Events">
      <UniqueIdentifier>{B7A09EFF-A303-2EA4-4C89-665A38CBF926}</UniqueIdentifier>
    </Filter>
    <Filter Include="Tulip\ImGui">
      <UniqueIdentifier>{9D9BACB2-0951-25A8-9245-1F7FFEF91BAC}</UniqueIdentifier>
    </Filter>
    <Filter Include="Tulip\Plateform">
      <UniqueIdentifier>{2CDBC63A-9866-34FF-A177-B7F30D8290FF}</UniqueIdentifier>
    </Filter>
    <Filter Include="Tulip\Plateform\OpenGL">
      <UniqueIdentifier>{E0BACF6E-CCB4-F8C0-B521-8FD1A1BA5E2D}</UniqueIdentifier>
    </Filter>
    <Filter Include="Tulip\Plateform\Windows">
      <UniqueIdentifier>{66F1E2A0-D228-2B38-DB32-8F5B47E95131}</UniqueIdentifier>
    </Filter>
  </ItemGroup>
  <ItemGroup>
    <ClInclude Include="src\Tulip.h" />
    <ClInclude Include="src\Tulip\Core\Application.h">
      <Filter>Tulip\Core</Filter>
    </ClInclude>
    <ClInclude Include="src\Tulip\Core\Core.h">
      <Filter>Tulip\Core</Filter>
    </ClInclude>
    <ClInclude Include="src\Tulip\Core\EntryPoint.h">
      <Filter>Tulip\Core</Filter>
    </ClInclude>
    <ClInclude Include="src\Tulip\Core\KeyCodes.h">
      <Filter>Tulip\Core</Filter>
    </ClInclude>
    <ClInclude Include="src\Tulip\Core\Layer.h">
      <Filter>Tulip\Core</Filter>
    </ClInclude>
    <ClInclude Include="src\Tulip\Core\LayerStack.h">
      <Filter>Tulip\Core</Filter>
    </ClInclude>
    <ClInclude Include="src\Tulip\Core\Log.h">
      <Filter>Tulip\Core</Filter>
    </ClInclude>
    <ClInclude Include="src\Tulip\Core\MouseCodes.h">
      <Filter>Tulip\Core</Filter>
    </ClInclude>
    <ClInclude Include="src\Tulip\Core\Window.h">
      <Filter>Tulip\Core</Filter>
    </ClInclude>
    <ClInclude Include="src\Tulip\Events\ApplicationEvent.h">
      <Filter>Tulip\Events</Filter>
    </ClInclude>
    <ClInclude Include="src\Tulip\Events\Event.h">
      <Filter>Tulip\Events</Filter>
    </ClInclude>
    <ClInclude Include="src\Tulip\Events\KeyEvent.h">
      <Filter>Tulip\Events</Filter>
    </ClInclude>
    <ClInclude Include="src\Tulip\Events\MouseEvent.h">
      <Filter>Tulip\Events</Filter>
    </ClInclude>
    <ClInclude Include="src\Tulip\ImGui\ImGuiLayer.h">
      <Filter>Tulip\ImGui</Filter>
    </ClInclude>
    <ClInclude Include="src\Tulip\Plateform\OpenGL\ImGuiOpenGLRenderer.h">
      <Filter>Tulip\Plateform\OpenGL</Filter>
    </ClInclude>
    <ClInclude Include="src\Tulip\Plateform\Windows\WindowsWindow.h">
      <Filter>Tulip\Plateform\Windows</Filter>
    </ClInclude>
    <ClInclude Include="src\tlpch.h" />
  </ItemGroup>
  <ItemGroup>
    <ClCompile Include="src\Tulip\Core\Application.cpp">
      <Filter>Tulip\Core</Filter>
    </ClCompile>
    <ClCompile Include="src\Tulip\Core\Layer.cpp">
      <Filter>Tulip\Core</Filter>
    </ClCompile>
    <ClCompile Include="src\Tulip\Core\LayerStack.cpp">
      <Filter>Tulip\Core</Filter>
    </ClCompile>
    <ClCompile Include="src\Tulip\Core\Log.cpp">
      <Filter>Tulip\Core</Filter>
    </ClCompile>
    <ClCompile Include="src\Tulip\ImGui\ImGuiLayer.cpp">
      <Filter>Tulip\ImGui</Filter>
    </ClCompile>
    <ClCompile Include="src\Tulip\Plateform\OpenGL\ImGuiOpenGLRenderer.cpp">
      <Filter>Tulip\Plateform\OpenGL</Filter>
    </ClCompile>
    <ClCompile Include="src\Tulip\Plateform\Windows\WindowsWindow.cpp">
      <Filter>Tulip\Plateform\Windows</Filter>
    </ClCompile>
    <ClCompile Include="src\tlpch.cpp" />
  </ItemGroup>
</Project>